
Microsoft Visual Studio Solution File, Format Version 12.00
# Visual Studio Version 17
VisualStudioVersion = 17.0.33214.273
MinimumVisualStudioVersion = 10.0.40219.1
Project("{FAE04EC0-301F-11D3-BF4B-00C04F79EFBC}") = "ApiDemoJenkins1", "ApiDemoJenkins1\ApiDemoJenkins1.csproj", "{76250841-68C4-4206-807C-C847E83BA22A}"
EndProject
Global
	GlobalSection(SolutionConfigurationPlatforms) = preSolution
		Debug|Any CPU = Debug|Any CPU
		Release|Any CPU = Release|Any CPU
	EndGlobalSection
	GlobalSection(ProjectConfigurationPlatforms) = postSolution
		{76250841-68C4-4206-807C-C847E83BA22A}.Debug|Any CPU.ActiveCfg = Debug|Any CPU
		{76250841-68C4-4206-807C-C847E83BA22A}.Debug|Any CPU.Build.0 = Debug|Any CPU
		{76250841-68C4-4206-807C-C847E83BA22A}.Release|Any CPU.ActiveCfg = Release|Any CPU
		{76250841-68C4-4206-807C-C847E83BA22A}.Release|Any CPU.Build.0 = Release|Any CPU
	EndGlobalSection
	GlobalSection(SolutionProperties) = preSolution
		HideSolutionNode = FALSE
	EndGlobalSection
	GlobalSection(ExtensibilityGlobals) = postSolution
		SolutionGuid = {C5EBBB09-B2CD-4960-821D-E4F0010E7D09}
	EndGlobalSection
EndGlobal
